// !$*UTF8*$!
{
	archiveVersion = 1;
	classes = {
	};
	objectVersion = 48;
	objects = {

/* Begin PBXBuildFile section */
		3FBA2F382057F562006F5416 /* AppDelegate.m in Sources */ = {isa = PBXBuildFile; fileRef = 3FBA2F372057F562006F5416 /* AppDelegate.m */; };
		3FBA2F3E2057F562006F5416 /* Main.storyboard in Resources */ = {isa = PBXBuildFile; fileRef = 3FBA2F3C2057F562006F5416 /* Main.storyboard */; };
		3FBA2F432057F562006F5416 /* LaunchScreen.storyboard in Resources */ = {isa = PBXBuildFile; fileRef = 3FBA2F412057F562006F5416 /* LaunchScreen.storyboard */; };
		3FBA2F462057F562006F5416 /* main.m in Sources */ = {isa = PBXBuildFile; fileRef = 3FBA2F452057F562006F5416 /* main.m */; };
		3FBA2F502057F562006F5416 /* CandyTests.m in Sources */ = {isa = PBXBuildFile; fileRef = 3FBA2F4F2057F562006F5416 /* CandyTests.m */; };
		3FBA2F5B2057F562006F5416 /* CandyUITests.m in Sources */ = {isa = PBXBuildFile; fileRef = 3FBA2F5A2057F562006F5416 /* CandyUITests.m */; };
		3FBA2FA220580143006F5416 /* mainView.m in Sources */ = {isa = PBXBuildFile; fileRef = 3FBA2FA020580143006F5416 /* mainView.m */; };
		3FBA2FA320580143006F5416 /* mainView.xib in Resources */ = {isa = PBXBuildFile; fileRef = 3FBA2FA120580143006F5416 /* mainView.xib */; };
		5B64D3515B748BECAB2222E6 /* libPods-Candy.a in Frameworks */ = {isa = PBXBuildFile; fileRef = 1857B21D0FE2C714843D21AE /* libPods-Candy.a */; };
		AE600EFB205FD78C005A3308 /* ZUST.m in Sources */ = {isa = PBXBuildFile; fileRef = AE600EF9205FD78C005A3308 /* ZUST.m */; };
		AE600EFC205FD78C005A3308 /* ZUST.xib in Resources */ = {isa = PBXBuildFile; fileRef = AE600EFA205FD78C005A3308 /* ZUST.xib */; };
		AE600F05205FEEC4005A3308 /* ZHUCEViewController.xib in Resources */ = {isa = PBXBuildFile; fileRef = AE600EFE205FEEC3005A3308 /* ZHUCEViewController.xib */; };
		AE600F06205FEEC4005A3308 /* ZHUCEViewController.m in Sources */ = {isa = PBXBuildFile; fileRef = AE600EFF205FEEC3005A3308 /* ZHUCEViewController.m */; };
		AE600F07205FEEC4005A3308 /* DENGRUViewController.xib in Resources */ = {isa = PBXBuildFile; fileRef = AE600F02205FEEC3005A3308 /* DENGRUViewController.xib */; };
		AE600F08205FEEC4005A3308 /* DENGRUViewController.m in Sources */ = {isa = PBXBuildFile; fileRef = AE600F04205FEEC3005A3308 /* DENGRUViewController.m */; };
		AEECF31C205BF94900C4E273 /* FIRST.m in Sources */ = {isa = PBXBuildFile; fileRef = AEECF31A205BF94800C4E273 /* FIRST.m */; };
		DB28C3F520D8165100A74B1E /* News.m in Sources */ = {isa = PBXBuildFile; fileRef = DB28C3F020D8165100A74B1E /* News.m */; };
		DB28C3F620D8165100A74B1E /* News.xib in Resources */ = {isa = PBXBuildFile; fileRef = DB28C3F120D8165100A74B1E /* News.xib */; };
		DB28C3F720D8165100A74B1E /* NewsCell.m in Sources */ = {isa = PBXBuildFile; fileRef = DB28C3F320D8165100A74B1E /* NewsCell.m */; };
		DB28C3F820D8165100A74B1E /* NewsCell.xib in Resources */ = {isa = PBXBuildFile; fileRef = DB28C3F420D8165100A74B1E /* NewsCell.xib */; };
		DB2BBE15206623AA00491F34 /* SuccOderViewController.m in Sources */ = {isa = PBXBuildFile; fileRef = DBD478B72064D73B00A229F1 /* SuccOderViewController.m */; };
		DB2BBE16206623B100491F34 /* SuccOderViewController.xib in Resources */ = {isa = PBXBuildFile; fileRef = DBD478B82064D73B00A229F1 /* SuccOderViewController.xib */; };
		DB2BBE17206623B400491F34 /* SuccOrderTableViewCell.m in Sources */ = {isa = PBXBuildFile; fileRef = DBD478BA2064D73B00A229F1 /* SuccOrderTableViewCell.m */; };
		DB2BBE18206623B700491F34 /* SuccOrderTableViewCell.xib in Resources */ = {isa = PBXBuildFile; fileRef = DBD478BB2064D73B00A229F1 /* SuccOrderTableViewCell.xib */; };
		DB310C34205AAB3A001341BC /* YSHYSlideViewController.m in Sources */ = {isa = PBXBuildFile; fileRef = DB7A87D3205AA98B00ABDFF0 /* YSHYSlideViewController.m */; };
		DB3EBB1120629BA300654E02 /* searchViewTableViewController.m in Sources */ = {isa = PBXBuildFile; fileRef = DB3EBB0F20629BA300654E02 /* searchViewTableViewController.m */; };
		DB3EBB1220629BA300654E02 /* searchViewTableViewController.xib in Resources */ = {isa = PBXBuildFile; fileRef = DB3EBB1020629BA300654E02 /* searchViewTableViewController.xib */; };
		DB3EBB1620629C0D00654E02 /* search.m in Sources */ = {isa = PBXBuildFile; fileRef = DB3EBB1420629C0D00654E02 /* search.m */; };
		DB3EBB1720629C0D00654E02 /* search.xib in Resources */ = {isa = PBXBuildFile; fileRef = DB3EBB1520629C0D00654E02 /* search.xib */; };
		DB56BEEF20AF379E0076593E /* aip-2.license in Resources */ = {isa = PBXBuildFile; fileRef = DB56BEEE20AF378A0076593E /* aip-2.license */; };
		DB6D3E7F205E93320070D9CF /* leftNav.m in Sources */ = {isa = PBXBuildFile; fileRef = DB6D3E7D205E93320070D9CF /* leftNav.m */; };
		DB6D3E80205E93320070D9CF /* leftNav.xib in Resources */ = {isa = PBXBuildFile; fileRef = DB6D3E7E205E93320070D9CF /* leftNav.xib */; };
		DB6D3E89205EC3820070D9CF /* Design.m in Sources */ = {isa = PBXBuildFile; fileRef = DB6D3E87205EC3820070D9CF /* Design.m */; };
		DB6D3E8A205EC3820070D9CF /* Design.xib in Resources */ = {isa = PBXBuildFile; fileRef = DB6D3E88205EC3820070D9CF /* Design.xib */; };
		DB71F1B62063AADF00001EB4 /* xianzhiViewController.m in Sources */ = {isa = PBXBuildFile; fileRef = DB71F1B42063AADF00001EB4 /* xianzhiViewController.m */; };
		DB71F1B72063AADF00001EB4 /* xianzhiViewController.xib in Resources */ = {isa = PBXBuildFile; fileRef = DB71F1B52063AADF00001EB4 /* xianzhiViewController.xib */; };
		DB71F1C42063F8B000001EB4 /* sent.m in Sources */ = {isa = PBXBuildFile; fileRef = DB71F1C22063F8B000001EB4 /* sent.m */; };
		DB71F1C52063F8B000001EB4 /* sent.xib in Resources */ = {isa = PBXBuildFile; fileRef = DB71F1C32063F8B000001EB4 /* sent.xib */; };
		DB84D7D2208F611700796B4E /* ReservationOederViewController.m in Sources */ = {isa = PBXBuildFile; fileRef = DB84D7CD208F611700796B4E /* ReservationOederViewController.m */; };
		DB84D7D3208F611700796B4E /* ReservationOederViewController.xib in Resources */ = {isa = PBXBuildFile; fileRef = DB84D7CE208F611700796B4E /* ReservationOederViewController.xib */; };
		DB9C587920A736C20048AD3D /* AipBase.framework in Frameworks */ = {isa = PBXBuildFile; fileRef = DB9C587620A736C20048AD3D /* AipBase.framework */; };
		DB9C587A20A736C20048AD3D /* IdcardQuality.framework in Frameworks */ = {isa = PBXBuildFile; fileRef = DB9C587720A736C20048AD3D /* IdcardQuality.framework */; };
		DB9C587B20A736C20048AD3D /* AipOcrSdk.framework in Frameworks */ = {isa = PBXBuildFile; fileRef = DB9C587820A736C20048AD3D /* AipOcrSdk.framework */; };
		DB9C587C20A736C80048AD3D /* AipBase.framework in Frameworks */ = {isa = PBXBuildFile; fileRef = DB9C587620A736C20048AD3D /* AipBase.framework */; };
		DB9C587D20A736C80048AD3D /* AipBase.framework in Embed Frameworks */ = {isa = PBXBuildFile; fileRef = DB9C587620A736C20048AD3D /* AipBase.framework */; settings = {ATTRIBUTES = (CodeSignOnCopy, RemoveHeadersOnCopy, ); }; };
		DB9C587E20A736C80048AD3D /* AipOcrSdk.framework in Frameworks */ = {isa = PBXBuildFile; fileRef = DB9C587820A736C20048AD3D /* AipOcrSdk.framework */; };
		DB9C587F20A736C80048AD3D /* AipOcrSdk.framework in Embed Frameworks */ = {isa = PBXBuildFile; fileRef = DB9C587820A736C20048AD3D /* AipOcrSdk.framework */; settings = {ATTRIBUTES = (CodeSignOnCopy, RemoveHeadersOnCopy, ); }; };
		DB9C588020A736C80048AD3D /* IdcardQuality.framework in Frameworks */ = {isa = PBXBuildFile; fileRef = DB9C587720A736C20048AD3D /* IdcardQuality.framework */; };
		DB9C588120A736C80048AD3D /* IdcardQuality.framework in Embed Frameworks */ = {isa = PBXBuildFile; fileRef = DB9C587720A736C20048AD3D /* IdcardQuality.framework */; settings = {ATTRIBUTES = (CodeSignOnCopy, RemoveHeadersOnCopy, ); }; };
		DBD478BF2064ECBD00A229F1 /* photography.m in Sources */ = {isa = PBXBuildFile; fileRef = DBD478BD2064ECBD00A229F1 /* photography.m */; };
		DBD478C02064ECBD00A229F1 /* photography.xib in Resources */ = {isa = PBXBuildFile; fileRef = DBD478BE2064ECBD00A229F1 /* photography.xib */; };
		DBD478C42064ECCE00A229F1 /* photo.m in Sources */ = {isa = PBXBuildFile; fileRef = DBD478C22064ECCE00A229F1 /* photo.m */; };
		DBD478C52064ECCE00A229F1 /* photo.xib in Resources */ = {isa = PBXBuildFile; fileRef = DBD478C32064ECCE00A229F1 /* photo.xib */; };
		DBD478C620653B1400A229F1 /* PersonDesignViewController.m in Sources */ = {isa = PBXBuildFile; fileRef = DBD478B32064D73100A229F1 /* PersonDesignViewController.m */; };
		DBD478C720653B5700A229F1 /* PersonDesignViewController.xib in Resources */ = {isa = PBXBuildFile; fileRef = DBD478B42064D73100A229F1 /* PersonDesignViewController.xib */; };
		DBD478C92065454500A229F1 /* Assets.xcassets in Resources */ = {isa = PBXBuildFile; fileRef = DBD478C82065454300A229F1 /* Assets.xcassets */; };
		DBFB174920ADC119005720A1 /* TableViewCell.xib in Resources */ = {isa = PBXBuildFile; fileRef = DBFB174420ADC118005720A1 /* TableViewCell.xib */; };
		DBFB174A20ADC119005720A1 /* file.m in Sources */ = {isa = PBXBuildFile; fileRef = DBFB174520ADC118005720A1 /* file.m */; };
		DBFB174B20ADC119005720A1 /* file.xib in Resources */ = {isa = PBXBuildFile; fileRef = DBFB174720ADC119005720A1 /* file.xib */; };
		DBFB174C20ADC119005720A1 /* TableViewCell.m in Sources */ = {isa = PBXBuildFile; fileRef = DBFB174820ADC119005720A1 /* TableViewCell.m */; };
		DBFB175F20ADD47F005720A1 /* PrintStore.m in Sources */ = {isa = PBXBuildFile; fileRef = DBFB175D20ADD47F005720A1 /* PrintStore.m */; };
		DBFB176020ADD47F005720A1 /* PrintStore.xib in Resources */ = {isa = PBXBuildFile; fileRef = DBFB175E20ADD47F005720A1 /* PrintStore.xib */; };
/* End PBXBuildFile section */

/* Begin PBXContainerItemProxy section */
		3FBA2F4C2057F562006F5416 /* PBXContainerItemProxy */ = {
			isa = PBXContainerItemProxy;
			containerPortal = 3FBA2F2B2057F562006F5416 /* Project object */;
			proxyType = 1;
			remoteGlobalIDString = 3FBA2F322057F562006F5416;
			remoteInfo = Candy;
		};
		3FBA2F572057F562006F5416 /* PBXContainerItemProxy */ = {
			isa = PBXContainerItemProxy;
			containerPortal = 3FBA2F2B2057F562006F5416 /* Project object */;
			proxyType = 1;
			remoteGlobalIDString = 3FBA2F322057F562006F5416;
			remoteInfo = Candy;
		};
/* End PBXContainerItemProxy section */

/* Begin PBXCopyFilesBuildPhase section */
		DB9C588220A736C90048AD3D /* Embed Frameworks */ = {
			isa = PBXCopyFilesBuildPhase;
			buildActionMask = 2147483647;
			dstPath = "";
			dstSubfolderSpec = 10;
			files = (
				DB9C587D20A736C80048AD3D /* AipBase.framework in Embed Frameworks */,
				DB9C587F20A736C80048AD3D /* AipOcrSdk.framework in Embed Frameworks */,
				DB9C588120A736C80048AD3D /* IdcardQuality.framework in Embed Frameworks */,
			);
			name = "Embed Frameworks";
			runOnlyForDeploymentPostprocessing = 0;
		};
/* End PBXCopyFilesBuildPhase section */

/* Begin PBXFileReference section */
		11B3E8EC6C056AD891ED5B90 /* Pods-Candy.release.xcconfig */ = {isa = PBXFileReference; includeInIndex = 1; lastKnownFileType = text.xcconfig; name = "Pods-Candy.release.xcconfig"; path = "Pods/Target Support Files/Pods-Candy/Pods-Candy.release.xcconfig"; sourceTree = "<group>"; };
		1857B21D0FE2C714843D21AE /* libPods-Candy.a */ = {isa = PBXFileReference; explicitFileType = archive.ar; includeInIndex = 0; path = "libPods-Candy.a"; sourceTree = BUILT_PRODUCTS_DIR; };
		19979EA6B76D25CF1E6171AE /* Pods-Candy.debug.xcconfig */ = {isa = PBXFileReference; includeInIndex = 1; lastKnownFileType = text.xcconfig; name = "Pods-Candy.debug.xcconfig"; path = "Pods/Target Support Files/Pods-Candy/Pods-Candy.debug.xcconfig"; sourceTree = "<group>"; };
		3FBA2F332057F562006F5416 /* Candy.app */ = {isa = PBXFileReference; explicitFileType = wrapper.application; includeInIndex = 0; path = Candy.app; sourceTree = BUILT_PRODUCTS_DIR; };
		3FBA2F362057F562006F5416 /* AppDelegate.h */ = {isa = PBXFileReference; lastKnownFileType = sourcecode.c.h; path = AppDelegate.h; sourceTree = "<group>"; };
		3FBA2F372057F562006F5416 /* AppDelegate.m */ = {isa = PBXFileReference; lastKnownFileType = sourcecode.c.objc; path = AppDelegate.m; sourceTree = "<group>"; tabWidth = 5; };
		3FBA2F3D2057F562006F5416 /* Base */ = {isa = PBXFileReference; lastKnownFileType = file.storyboard; name = Base; path = Base.lproj/Main.storyboard; sourceTree = "<group>"; };
		3FBA2F422057F562006F5416 /* Base */ = {isa = PBXFileReference; lastKnownFileType = file.storyboard; name = Base; path = Base.lproj/LaunchScreen.storyboard; sourceTree = "<group>"; };
		3FBA2F442057F562006F5416 /* Info.plist */ = {isa = PBXFileReference; lastKnownFileType = text.plist.xml; path = Info.plist; sourceTree = "<group>"; };
		3FBA2F452057F562006F5416 /* main.m */ = {isa = PBXFileReference; lastKnownFileType = sourcecode.c.objc; path = main.m; sourceTree = "<group>"; };
		3FBA2F4B2057F562006F5416 /* CandyTests.xctest */ = {isa = PBXFileReference; explicitFileType = wrapper.cfbundle; includeInIndex = 0; path = CandyTests.xctest; sourceTree = BUILT_PRODUCTS_DIR; };
		3FBA2F4F2057F562006F5416 /* CandyTests.m */ = {isa = PBXFileReference; lastKnownFileType = sourcecode.c.objc; path = CandyTests.m; sourceTree = "<group>"; };
		3FBA2F512057F562006F5416 /* Info.plist */ = {isa = PBXFileReference; lastKnownFileType = text.plist.xml; path = Info.plist; sourceTree = "<group>"; };
		3FBA2F562057F562006F5416 /* CandyUITests.xctest */ = {isa = PBXFileReference; explicitFileType = wrapper.cfbundle; includeInIndex = 0; path = CandyUITests.xctest; sourceTree = BUILT_PRODUCTS_DIR; };
		3FBA2F5A2057F562006F5416 /* CandyUITests.m */ = {isa = PBXFileReference; lastKnownFileType = sourcecode.c.objc; path = CandyUITests.m; sourceTree = "<group>"; };
		3FBA2F5C2057F562006F5416 /* Info.plist */ = {isa = PBXFileReference; lastKnownFileType = text.plist.xml; path = Info.plist; sourceTree = "<group>"; };
		3FBA2F9F20580143006F5416 /* mainView.h */ = {isa = PBXFileReference; lastKnownFileType = sourcecode.c.h; path = mainView.h; sourceTree = "<group>"; };
		3FBA2FA020580143006F5416 /* mainView.m */ = {isa = PBXFileReference; lastKnownFileType = sourcecode.c.objc; path = mainView.m; sourceTree = "<group>"; };
		3FBA2FA120580143006F5416 /* mainView.xib */ = {isa = PBXFileReference; lastKnownFileType = file.xib; path = mainView.xib; sourceTree = "<group>"; };
		AE600EF8205FD78C005A3308 /* ZUST.h */ = {isa = PBXFileReference; lastKnownFileType = sourcecode.c.h; path = ZUST.h; sourceTree = "<group>"; };
		AE600EF9205FD78C005A3308 /* ZUST.m */ = {isa = PBXFileReference; lastKnownFileType = sourcecode.c.objc; path = ZUST.m; sourceTree = "<group>"; };
		AE600EFA205FD78C005A3308 /* ZUST.xib */ = {isa = PBXFileReference; lastKnownFileType = file.xib; path = ZUST.xib; sourceTree = "<group>"; };
		AE600EFE205FEEC3005A3308 /* ZHUCEViewController.xib */ = {isa = PBXFileReference; fileEncoding = 4; lastKnownFileType = file.xib; path = ZHUCEViewController.xib; sourceTree = "<group>"; };
		AE600EFF205FEEC3005A3308 /* ZHUCEViewController.m */ = {isa = PBXFileReference; fileEncoding = 4; lastKnownFileType = sourcecode.c.objc; path = ZHUCEViewController.m; sourceTree = "<group>"; };
		AE600F00205FEEC3005A3308 /* ZHUCEViewController.h */ = {isa = PBXFileReference; fileEncoding = 4; lastKnownFileType = sourcecode.c.h; path = ZHUCEViewController.h; sourceTree = "<group>"; };
		AE600F02205FEEC3005A3308 /* DENGRUViewController.xib */ = {isa = PBXFileReference; fileEncoding = 4; lastKnownFileType = file.xib; path = DENGRUViewController.xib; sourceTree = "<group>"; };
		AE600F03205FEEC3005A3308 /* DENGRUViewController.h */ = {isa = PBXFileReference; fileEncoding = 4; lastKnownFileType = sourcecode.c.h; path = DENGRUViewController.h; sourceTree = "<group>"; };
		AE600F04205FEEC3005A3308 /* DENGRUViewController.m */ = {isa = PBXFileReference; fileEncoding = 4; lastKnownFileType = sourcecode.c.objc; path = DENGRUViewController.m; sourceTree = "<group>"; };
		AEECF31A205BF94800C4E273 /* FIRST.m */ = {isa = PBXFileReference; fileEncoding = 4; lastKnownFileType = sourcecode.c.objc; path = FIRST.m; sourceTree = "<group>"; };
		AEECF31B205BF94900C4E273 /* FIRST.h */ = {isa = PBXFileReference; fileEncoding = 4; lastKnownFileType = sourcecode.c.h; path = FIRST.h; sourceTree = "<group>"; };
		DB28C3EF20D8165100A74B1E /* News.h */ = {isa = PBXFileReference; fileEncoding = 4; lastKnownFileType = sourcecode.c.h; path = News.h; sourceTree = "<group>"; };
		DB28C3F020D8165100A74B1E /* News.m */ = {isa = PBXFileReference; fileEncoding = 4; lastKnownFileType = sourcecode.c.objc; path = News.m; sourceTree = "<group>"; };
		DB28C3F120D8165100A74B1E /* News.xib */ = {isa = PBXFileReference; fileEncoding = 4; lastKnownFileType = file.xib; path = News.xib; sourceTree = "<group>"; };
		DB28C3F220D8165100A74B1E /* NewsCell.h */ = {isa = PBXFileReference; fileEncoding = 4; lastKnownFileType = sourcecode.c.h; path = NewsCell.h; sourceTree = "<group>"; };
		DB28C3F320D8165100A74B1E /* NewsCell.m */ = {isa = PBXFileReference; fileEncoding = 4; lastKnownFileType = sourcecode.c.objc; path = NewsCell.m; sourceTree = "<group>"; };
		DB28C3F420D8165100A74B1E /* NewsCell.xib */ = {isa = PBXFileReference; fileEncoding = 4; lastKnownFileType = file.xib; path = NewsCell.xib; sourceTree = "<group>"; };
		DB3EBAFF2062865D00654E02 /* ViewController0.h */ = {isa = PBXFileReference; lastKnownFileType = sourcecode.c.h; path = ViewController0.h; sourceTree = "<group>"; };
		DB3EBB0E20629BA300654E02 /* searchViewTableViewController.h */ = {isa = PBXFileReference; lastKnownFileType = sourcecode.c.h; path = searchViewTableViewController.h; sourceTree = "<group>"; };
		DB3EBB0F20629BA300654E02 /* searchViewTableViewController.m */ = {isa = PBXFileReference; lastKnownFileType = sourcecode.c.objc; path = searchViewTableViewController.m; sourceTree = "<group>"; };
		DB3EBB1020629BA300654E02 /* searchViewTableViewController.xib */ = {isa = PBXFileReference; lastKnownFileType = file.xib; path = searchViewTableViewController.xib; sourceTree = "<group>"; };
		DB3EBB1320629C0D00654E02 /* search.h */ = {isa = PBXFileReference; lastKnownFileType = sourcecode.c.h; path = search.h; sourceTree = "<group>"; };
		DB3EBB1420629C0D00654E02 /* search.m */ = {isa = PBXFileReference; lastKnownFileType = sourcecode.c.objc; path = search.m; sourceTree = "<group>"; };
		DB3EBB1520629C0D00654E02 /* search.xib */ = {isa = PBXFileReference; lastKnownFileType = file.xib; path = search.xib; sourceTree = "<group>"; };
		DB56BEEE20AF378A0076593E /* aip-2.license */ = {isa = PBXFileReference; lastKnownFileType = file; path = "aip-2.license"; sourceTree = "<group>"; };
		DB6D3E7C205E93320070D9CF /* leftNav.h */ = {isa = PBXFileReference; lastKnownFileType = sourcecode.c.h; path = leftNav.h; sourceTree = "<group>"; };
		DB6D3E7D205E93320070D9CF /* leftNav.m */ = {isa = PBXFileReference; lastKnownFileType = sourcecode.c.objc; path = leftNav.m; sourceTree = "<group>"; };
		DB6D3E7E205E93320070D9CF /* leftNav.xib */ = {isa = PBXFileReference; lastKnownFileType = file.xib; path = leftNav.xib; sourceTree = "<group>"; };
		DB6D3E86205EC3820070D9CF /* Design.h */ = {isa = PBXFileReference; lastKnownFileType = sourcecode.c.h; path = Design.h; sourceTree = "<group>"; };
		DB6D3E87205EC3820070D9CF /* Design.m */ = {isa = PBXFileReference; lastKnownFileType = sourcecode.c.objc; path = Design.m; sourceTree = "<group>"; };
		DB6D3E88205EC3820070D9CF /* Design.xib */ = {isa = PBXFileReference; lastKnownFileType = file.xib; path = Design.xib; sourceTree = "<group>"; };
		DB71F1B32063AADF00001EB4 /* xianzhiViewController.h */ = {isa = PBXFileReference; lastKnownFileType = sourcecode.c.h; path = xianzhiViewController.h; sourceTree = "<group>"; };
		DB71F1B42063AADF00001EB4 /* xianzhiViewController.m */ = {isa = PBXFileReference; lastKnownFileType = sourcecode.c.objc; path = xianzhiViewController.m; sourceTree = "<group>"; };
		DB71F1B52063AADF00001EB4 /* xianzhiViewController.xib */ = {isa = PBXFileReference; lastKnownFileType = file.xib; path = xianzhiViewController.xib; sourceTree = "<group>"; };
		DB71F1C12063F8B000001EB4 /* sent.h */ = {isa = PBXFileReference; lastKnownFileType = sourcecode.c.h; path = sent.h; sourceTree = "<group>"; };
		DB71F1C22063F8B000001EB4 /* sent.m */ = {isa = PBXFileReference; lastKnownFileType = sourcecode.c.objc; path = sent.m; sourceTree = "<group>"; };
		DB71F1C32063F8B000001EB4 /* sent.xib */ = {isa = PBXFileReference; lastKnownFileType = file.xib; path = sent.xib; sourceTree = "<group>"; };
		DB7A87D2205AA98B00ABDFF0 /* YSHYSlideViewController.h */ = {isa = PBXFileReference; lastKnownFileType = sourcecode.c.h; path = YSHYSlideViewController.h; sourceTree = "<group>"; };
		DB7A87D3205AA98B00ABDFF0 /* YSHYSlideViewController.m */ = {isa = PBXFileReference; lastKnownFileType = sourcecode.c.objc; path = YSHYSlideViewController.m; sourceTree = "<group>"; };
		DB84D7CC208F611700796B4E /* ReservationOederViewController.h */ = {isa = PBXFileReference; fileEncoding = 4; lastKnownFileType = sourcecode.c.h; path = ReservationOederViewController.h; sourceTree = "<group>"; };
		DB84D7CD208F611700796B4E /* ReservationOederViewController.m */ = {isa = PBXFileReference; fileEncoding = 4; lastKnownFileType = sourcecode.c.objc; path = ReservationOederViewController.m; sourceTree = "<group>"; };
		DB84D7CE208F611700796B4E /* ReservationOederViewController.xib */ = {isa = PBXFileReference; fileEncoding = 4; lastKnownFileType = file.xib; path = ReservationOederViewController.xib; sourceTree = "<group>"; };
		DB9C587620A736C20048AD3D /* AipBase.framework */ = {isa = PBXFileReference; lastKnownFileType = wrapper.framework; path = AipBase.framework; sourceTree = "<group>"; };
		DB9C587720A736C20048AD3D /* IdcardQuality.framework */ = {isa = PBXFileReference; lastKnownFileType = wrapper.framework; path = IdcardQuality.framework; sourceTree = "<group>"; };
		DB9C587820A736C20048AD3D /* AipOcrSdk.framework */ = {isa = PBXFileReference; lastKnownFileType = wrapper.framework; path = AipOcrSdk.framework; sourceTree = "<group>"; };
		DBD478B22064D73100A229F1 /* PersonDesignViewController.h */ = {isa = PBXFileReference; lastKnownFileType = sourcecode.c.h; path = PersonDesignViewController.h; sourceTree = "<group>"; };
		DBD478B32064D73100A229F1 /* PersonDesignViewController.m */ = {isa = PBXFileReference; lastKnownFileType = sourcecode.c.objc; path = PersonDesignViewController.m; sourceTree = "<group>"; };
		DBD478B42064D73100A229F1 /* PersonDesignViewController.xib */ = {isa = PBXFileReference; lastKnownFileType = file.xib; path = PersonDesignViewController.xib; sourceTree = "<group>"; };
		DBD478B62064D73B00A229F1 /* SuccOderViewController.h */ = {isa = PBXFileReference; lastKnownFileType = sourcecode.c.h; path = SuccOderViewController.h; sourceTree = "<group>"; };
		DBD478B72064D73B00A229F1 /* SuccOderViewController.m */ = {isa = PBXFileReference; lastKnownFileType = sourcecode.c.objc; path = SuccOderViewController.m; sourceTree = "<group>"; };
		DBD478B82064D73B00A229F1 /* SuccOderViewController.xib */ = {isa = PBXFileReference; lastKnownFileType = file.xib; path = SuccOderViewController.xib; sourceTree = "<group>"; };
		DBD478B92064D73B00A229F1 /* SuccOrderTableViewCell.h */ = {isa = PBXFileReference; lastKnownFileType = sourcecode.c.h; path = SuccOrderTableViewCell.h; sourceTree = "<group>"; };
		DBD478BA2064D73B00A229F1 /* SuccOrderTableViewCell.m */ = {isa = PBXFileReference; lastKnownFileType = sourcecode.c.objc; path = SuccOrderTableViewCell.m; sourceTree = "<group>"; };
		DBD478BB2064D73B00A229F1 /* SuccOrderTableViewCell.xib */ = {isa = PBXFileReference; lastKnownFileType = file.xib; path = SuccOrderTableViewCell.xib; sourceTree = "<group>"; };
		DBD478BC2064ECBD00A229F1 /* photography.h */ = {isa = PBXFileReference; lastKnownFileType = sourcecode.c.h; path = photography.h; sourceTree = "<group>"; };
		DBD478BD2064ECBD00A229F1 /* photography.m */ = {isa = PBXFileReference; lastKnownFileType = sourcecode.c.objc; path = photography.m; sourceTree = "<group>"; };
		DBD478BE2064ECBD00A229F1 /* photography.xib */ = {isa = PBXFileReference; lastKnownFileType = file.xib; path = photography.xib; sourceTree = "<group>"; };
		DBD478C12064ECCE00A229F1 /* photo.h */ = {isa = PBXFileReference; lastKnownFileType = sourcecode.c.h; path = photo.h; sourceTree = "<group>"; };
		DBD478C22064ECCE00A229F1 /* photo.m */ = {isa = PBXFileReference; lastKnownFileType = sourcecode.c.objc; path = photo.m; sourceTree = "<group>"; };
		DBD478C32064ECCE00A229F1 /* photo.xib */ = {isa = PBXFileReference; lastKnownFileType = file.xib; path = photo.xib; sourceTree = "<group>"; };
		DBD478C82065454300A229F1 /* Assets.xcassets */ = {isa = PBXFileReference; lastKnownFileType = folder.assetcatalog; name = Assets.xcassets; path = Candy/Assets.xcassets; sourceTree = "<group>"; };
		DBFB174320ADC118005720A1 /* file.h */ = {isa = PBXFileReference; fileEncoding = 4; lastKnownFileType = sourcecode.c.h; path = file.h; sourceTree = "<group>"; };
		DBFB174420ADC118005720A1 /* TableViewCell.xib */ = {isa = PBXFileReference; fileEncoding = 4; lastKnownFileType = file.xib; path = TableViewCell.xib; sourceTree = "<group>"; };
		DBFB174520ADC118005720A1 /* file.m */ = {isa = PBXFileReference; fileEncoding = 4; lastKnownFileType = sourcecode.c.objc; path = file.m; sourceTree = "<group>"; };
		DBFB174620ADC119005720A1 /* TableViewCell.h */ = {isa = PBXFileReference; fileEncoding = 4; lastKnownFileType = sourcecode.c.h; path = TableViewCell.h; sourceTree = "<group>"; };
		DBFB174720ADC119005720A1 /* file.xib */ = {isa = PBXFileReference; fileEncoding = 4; lastKnownFileType = file.xib; path = file.xib; sourceTree = "<group>"; };
		DBFB174820ADC119005720A1 /* TableViewCell.m */ = {isa = PBXFileReference; fileEncoding = 4; lastKnownFileType = sourcecode.c.objc; path = TableViewCell.m; sourceTree = "<group>"; };
		DBFB175C20ADD47F005720A1 /* PrintStore.h */ = {isa = PBXFileReference; lastKnownFileType = sourcecode.c.h; path = PrintStore.h; sourceTree = "<group>"; };
		DBFB175D20ADD47F005720A1 /* PrintStore.m */ = {isa = PBXFileReference; lastKnownFileType = sourcecode.c.objc; path = PrintStore.m; sourceTree = "<group>"; };
		DBFB175E20ADD47F005720A1 /* PrintStore.xib */ = {isa = PBXFileReference; lastKnownFileType = file.xib; path = PrintStore.xib; sourceTree = "<group>"; };
/* End PBXFileReference section */

/* Begin PBXFrameworksBuildPhase section */
		3FBA2F302057F562006F5416 /* Frameworks */ = {
			isa = PBXFrameworksBuildPhase;
			buildActionMask = 2147483647;
			files = (
				DB9C587920A736C20048AD3D /* AipBase.framework in Frameworks */,
				DB9C587C20A736C80048AD3D /* AipBase.framework in Frameworks */,
				5B64D3515B748BECAB2222E6 /* libPods-Candy.a in Frameworks */,
				DB9C587A20A736C20048AD3D /* IdcardQuality.framework in Frameworks */,
				DB9C587B20A736C20048AD3D /* AipOcrSdk.framework in Frameworks */,
				DB9C588020A736C80048AD3D /* IdcardQuality.framework in Frameworks */,
				DB9C587E20A736C80048AD3D /* AipOcrSdk.framework in Frameworks */,
			);
			runOnlyForDeploymentPostprocessing = 0;
		};
		3FBA2F482057F562006F5416 /* Frameworks */ = {
			isa = PBXFrameworksBuildPhase;
			buildActionMask = 2147483647;
			files = (
			);
			runOnlyForDeploymentPostprocessing = 0;
		};
		3FBA2F532057F562006F5416 /* Frameworks */ = {
			isa = PBXFrameworksBuildPhase;
			buildActionMask = 2147483647;
			files = (
			);
			runOnlyForDeploymentPostprocessing = 0;
		};
/* End PBXFrameworksBuildPhase section */

/* Begin PBXGroup section */
		1B2D4B458D42F2BBB7995A59 /* Pods */ = {
			isa = PBXGroup;
			children = (
				19979EA6B76D25CF1E6171AE /* Pods-Candy.debug.xcconfig */,
				11B3E8EC6C056AD891ED5B90 /* Pods-Candy.release.xcconfig */,
			);
			name = Pods;
			sourceTree = "<group>";
		};
		3FBA2F2A2057F562006F5416 = {
			isa = PBXGroup;
			children = (
				DB9C587620A736C20048AD3D /* AipBase.framework */,
				DB9C587820A736C20048AD3D /* AipOcrSdk.framework */,
				DB9C587720A736C20048AD3D /* IdcardQuality.framework */,
				DB84D7CB208F611700796B4E /* ReservationOrder */,
				DBD478C82065454300A229F1 /* Assets.xcassets */,
				DBFB174320ADC118005720A1 /* file.h */,
				DB28C3EE20D8165100A74B1E /* xiaoxi */,
				DBFB174520ADC118005720A1 /* file.m */,
				DBFB174720ADC119005720A1 /* file.xib */,
				DBFB174620ADC119005720A1 /* TableViewCell.h */,
				DBFB174820ADC119005720A1 /* TableViewCell.m */,
				DBFB174420ADC118005720A1 /* TableViewCell.xib */,
				DBD478C12064ECCE00A229F1 /* photo.h */,
				DBD478C22064ECCE00A229F1 /* photo.m */,
				DBD478C32064ECCE00A229F1 /* photo.xib */,
				DBD478BC2064ECBD00A229F1 /* photography.h */,
				DBD478BD2064ECBD00A229F1 /* photography.m */,
				DBD478BE2064ECBD00A229F1 /* photography.xib */,
				DBD478B52064D73B00A229F1 /* SuccOrder */,
				DBD478B12064D73100A229F1 /* personDesign */,
				DB71F1C12063F8B000001EB4 /* sent.h */,
				DB71F1C22063F8B000001EB4 /* sent.m */,
				DB71F1C32063F8B000001EB4 /* sent.xib */,
				DB71F1B32063AADF00001EB4 /* xianzhiViewController.h */,
				DB71F1B42063AADF00001EB4 /* xianzhiViewController.m */,
				DB71F1B52063AADF00001EB4 /* xianzhiViewController.xib */,
				DB3EBB1320629C0D00654E02 /* search.h */,
				DB3EBB1420629C0D00654E02 /* search.m */,
				DB3EBB1520629C0D00654E02 /* search.xib */,
				DB3EBB0E20629BA300654E02 /* searchViewTableViewController.h */,
				DB3EBB0F20629BA300654E02 /* searchViewTableViewController.m */,
				DB3EBB1020629BA300654E02 /* searchViewTableViewController.xib */,
				AE600F01205FEEC3005A3308 /* DENGRU */,
				AE600EFD205FEEC3005A3308 /* ZHUCE */,
				AE600EF8205FD78C005A3308 /* ZUST.h */,
				AE600EF9205FD78C005A3308 /* ZUST.m */,
				AE600EFA205FD78C005A3308 /* ZUST.xib */,
				DB6D3E7C205E93320070D9CF /* leftNav.h */,
				DB6D3E7D205E93320070D9CF /* leftNav.m */,
				DB6D3E7E205E93320070D9CF /* leftNav.xib */,
				DB6D3E86205EC3820070D9CF /* Design.h */,
				DB6D3E87205EC3820070D9CF /* Design.m */,
				DB6D3E88205EC3820070D9CF /* Design.xib */,
				DB3EBAFF2062865D00654E02 /* ViewController0.h */,
				3FBA2F352057F562006F5416 /* Candy */,
				3FBA2F4E2057F562006F5416 /* CandyTests */,
				3FBA2F592057F562006F5416 /* CandyUITests */,
				1B2D4B458D42F2BBB7995A59 /* Pods */,
				E771B90B5C220E6F08D77990 /* Frameworks */,
			);
			sourceTree = "<group>";
		};
		3FBA2F342057F562006F5416 /* Products */ = {
			isa = PBXGroup;
			children = (
				3FBA2F332057F562006F5416 /* Candy.app */,
				3FBA2F4B2057F562006F5416 /* CandyTests.xctest */,
				3FBA2F562057F562006F5416 /* CandyUITests.xctest */,
			);
			name = Products;
			path = ..;
			sourceTree = "<group>";
		};
		3FBA2F352057F562006F5416 /* Candy */ = {
			isa = PBXGroup;
			children = (
				AEECF31B205BF94900C4E273 /* FIRST.h */,
				AEECF31A205BF94800C4E273 /* FIRST.m */,
				DB7A87BB205AA98B00ABDFF0 /* YSHYSlideViewController */,
				3FBA2F362057F562006F5416 /* AppDelegate.h */,
				3FBA2F372057F562006F5416 /* AppDelegate.m */,
				3FBA2F9F20580143006F5416 /* mainView.h */,
				3FBA2FA020580143006F5416 /* mainView.m */,
				3FBA2FA120580143006F5416 /* mainView.xib */,
				DBFB175C20ADD47F005720A1 /* PrintStore.h */,
				DBFB175D20ADD47F005720A1 /* PrintStore.m */,
				DBFB175E20ADD47F005720A1 /* PrintStore.xib */,
				3FBA2F3C2057F562006F5416 /* Main.storyboard */,
				3FBA2F412057F562006F5416 /* LaunchScreen.storyboard */,
				3FBA2F442057F562006F5416 /* Info.plist */,
				3FBA2F452057F562006F5416 /* main.m */,
			);
			path = Candy;
			sourceTree = "<group>";
		};
		3FBA2F4E2057F562006F5416 /* CandyTests */ = {
			isa = PBXGroup;
			children = (
				3FBA2F4F2057F562006F5416 /* CandyTests.m */,
				3FBA2F512057F562006F5416 /* Info.plist */,
			);
			path = CandyTests;
			sourceTree = "<group>";
		};
		3FBA2F592057F562006F5416 /* CandyUITests */ = {
			isa = PBXGroup;
			children = (
				3FBA2F5A2057F562006F5416 /* CandyUITests.m */,
				3FBA2F5C2057F562006F5416 /* Info.plist */,
				3FBA2F342057F562006F5416 /* Products */,
			);
			path = CandyUITests;
			sourceTree = "<group>";
		};
		AE600EFD205FEEC3005A3308 /* ZHUCE */ = {
			isa = PBXGroup;
			children = (
				AE600EFE205FEEC3005A3308 /* ZHUCEViewController.xib */,
				AE600EFF205FEEC3005A3308 /* ZHUCEViewController.m */,
				AE600F00205FEEC3005A3308 /* ZHUCEViewController.h */,
			);
			path = ZHUCE;
			sourceTree = "<group>";
		};
		AE600F01205FEEC3005A3308 /* DENGRU */ = {
			isa = PBXGroup;
			children = (
				AE600F02205FEEC3005A3308 /* DENGRUViewController.xib */,
				AE600F03205FEEC3005A3308 /* DENGRUViewController.h */,
				AE600F04205FEEC3005A3308 /* DENGRUViewController.m */,
			);
			path = DENGRU;
			sourceTree = "<group>";
		};
		DB28C3EE20D8165100A74B1E /* xiaoxi */ = {
			isa = PBXGroup;
			children = (
				DB28C3EF20D8165100A74B1E /* News.h */,
				DB28C3F020D8165100A74B1E /* News.m */,
				DB28C3F120D8165100A74B1E /* News.xib */,
				DB28C3F220D8165100A74B1E /* NewsCell.h */,
				DB28C3F320D8165100A74B1E /* NewsCell.m */,
				DB28C3F420D8165100A74B1E /* NewsCell.xib */,
			);
			path = xiaoxi;
			sourceTree = "<group>";
		};
		DB7A87BB205AA98B00ABDFF0 /* YSHYSlideViewController */ = {
			isa = PBXGroup;
			children = (
				DB7A87D2205AA98B00ABDFF0 /* YSHYSlideViewController.h */,
				DB7A87D3205AA98B00ABDFF0 /* YSHYSlideViewController.m */,
			);
			name = YSHYSlideViewController;
			path = Candy.xcodeproj/YSHYSlideViewController;
			sourceTree = SOURCE_ROOT;
		};
		DB84D7CB208F611700796B4E /* ReservationOrder */ = {
			isa = PBXGroup;
			children = (
				DB56BEEE20AF378A0076593E /* aip-2.license */,
				DB84D7CC208F611700796B4E /* ReservationOederViewController.h */,
				DB84D7CD208F611700796B4E /* ReservationOederViewController.m */,
				DB84D7CE208F611700796B4E /* ReservationOederViewController.xib */,
			);
			path = ReservationOrder;
			sourceTree = "<group>";
		};
		DBD478B12064D73100A229F1 /* personDesign */ = {
			isa = PBXGroup;
			children = (
				DBD478B22064D73100A229F1 /* PersonDesignViewController.h */,
				DBD478B32064D73100A229F1 /* PersonDesignViewController.m */,
				DBD478B42064D73100A229F1 /* PersonDesignViewController.xib */,
			);
			path = personDesign;
			sourceTree = "<group>";
		};
		DBD478B52064D73B00A229F1 /* SuccOrder */ = {
			isa = PBXGroup;
			children = (
				DBD478B62064D73B00A229F1 /* SuccOderViewController.h */,
				DBD478B72064D73B00A229F1 /* SuccOderViewController.m */,
				DBD478B82064D73B00A229F1 /* SuccOderViewController.xib */,
				DBD478B92064D73B00A229F1 /* SuccOrderTableViewCell.h */,
				DBD478BA2064D73B00A229F1 /* SuccOrderTableViewCell.m */,
				DBD478BB2064D73B00A229F1 /* SuccOrderTableViewCell.xib */,
			);
			path = SuccOrder;
			sourceTree = "<group>";
		};
		E771B90B5C220E6F08D77990 /* Frameworks */ = {
			isa = PBXGroup;
			children = (
				1857B21D0FE2C714843D21AE /* libPods-Candy.a */,
			);
			name = Frameworks;
			sourceTree = "<group>";
		};
/* End PBXGroup section */

/* Begin PBXNativeTarget section */
		3FBA2F322057F562006F5416 /* Candy */ = {
			isa = PBXNativeTarget;
			buildConfigurationList = 3FBA2F5F2057F562006F5416 /* Build configuration list for PBXNativeTarget "Candy" */;
			buildPhases = (
				61E881A8B76CA47B259FBF17 /* [CP] Check Pods Manifest.lock */,
				3FBA2F2F2057F562006F5416 /* Sources */,
				3FBA2F302057F562006F5416 /* Frameworks */,
				3FBA2F312057F562006F5416 /* Resources */,
				60A240756CF145DA122D9F6F /* [CP] Embed Pods Frameworks */,
				CD0535607EF21F850902AB82 /* [CP] Copy Pods Resources */,
				DB9C588220A736C90048AD3D /* Embed Frameworks */,
			);
			buildRules = (
			);
			dependencies = (
			);
			name = Candy;
			productName = Candy;
			productReference = 3FBA2F332057F562006F5416 /* Candy.app */;
			productType = "com.apple.product-type.application";
		};
		3FBA2F4A2057F562006F5416 /* CandyTests */ = {
			isa = PBXNativeTarget;
			buildConfigurationList = 3FBA2F622057F562006F5416 /* Build configuration list for PBXNativeTarget "CandyTests" */;
			buildPhases = (
				3FBA2F472057F562006F5416 /* Sources */,
				3FBA2F482057F562006F5416 /* Frameworks */,
				3FBA2F492057F562006F5416 /* Resources */,
			);
			buildRules = (
			);
			dependencies = (
				3FBA2F4D2057F562006F5416 /* PBXTargetDependency */,
			);
			name = CandyTests;
			productName = CandyTests;
			productReference = 3FBA2F4B2057F562006F5416 /* CandyTests.xctest */;
			productType = "com.apple.product-type.bundle.unit-test";
		};
		3FBA2F552057F562006F5416 /* CandyUITests */ = {
			isa = PBXNativeTarget;
			buildConfigurationList = 3FBA2F652057F562006F5416 /* Build configuration list for PBXNativeTarget "CandyUITests" */;
			buildPhases = (
				3FBA2F522057F562006F5416 /* Sources */,
				3FBA2F532057F562006F5416 /* Frameworks */,
				3FBA2F542057F562006F5416 /* Resources */,
			);
			buildRules = (
			);
			dependencies = (
				3FBA2F582057F562006F5416 /* PBXTargetDependency */,
			);
			name = CandyUITests;
			productName = CandyUITests;
			productReference = 3FBA2F562057F562006F5416 /* CandyUITests.xctest */;
			productType = "com.apple.product-type.bundle.ui-testing";
		};
/* End PBXNativeTarget section */

/* Begin PBXProject section */
		3FBA2F2B2057F562006F5416 /* Project object */ = {
			isa = PBXProject;
			attributes = {
				LastUpgradeCheck = 0910;
				ORGANIZATIONNAME = JING;
				TargetAttributes = {
					3FBA2F322057F562006F5416 = {
						CreatedOnToolsVersion = 9.1;
						ProvisioningStyle = Automatic;
						SystemCapabilities = {
							com.apple.BackgroundModes = {
								enabled = 1;
							};
						};
					};
					3FBA2F4A2057F562006F5416 = {
						CreatedOnToolsVersion = 9.1;
						ProvisioningStyle = Automatic;
						TestTargetID = 3FBA2F322057F562006F5416;
					};
					3FBA2F552057F562006F5416 = {
						CreatedOnToolsVersion = 9.1;
						ProvisioningStyle = Automatic;
						TestTargetID = 3FBA2F322057F562006F5416;
					};
				};
			};
			buildConfigurationList = 3FBA2F2E2057F562006F5416 /* Build configuration list for PBXProject "Candy" */;
			compatibilityVersion = "Xcode 8.0";
			developmentRegion = en;
			hasScannedForEncodings = 0;
			knownRegions = (
				en,
				Base,
			);
			mainGroup = 3FBA2F2A2057F562006F5416;
			productRefGroup = 3FBA2F342057F562006F5416 /* Products */;
			projectDirPath = "";
			projectRoot = "";
			targets = (
				3FBA2F322057F562006F5416 /* Candy */,
				3FBA2F4A2057F562006F5416 /* CandyTests */,
				3FBA2F552057F562006F5416 /* CandyUITests */,
			);
		};
/* End PBXProject section */

/* Begin PBXResourcesBuildPhase section */
		3FBA2F312057F562006F5416 /* Resources */ = {
			isa = PBXResourcesBuildPhase;
			buildActionMask = 2147483647;
			files = (
				DB56BEEF20AF379E0076593E /* aip-2.license in Resources */,
				DB71F1C52063F8B000001EB4 /* sent.xib in Resources */,
				DBFB176020ADD47F005720A1 /* PrintStore.xib in Resources */,
				DBFB174920ADC119005720A1 /* TableViewCell.xib in Resources */,
				DB28C3F620D8165100A74B1E /* News.xib in Resources */,
				DBD478C52064ECCE00A229F1 /* photo.xib in Resources */,
				DB28C3F820D8165100A74B1E /* NewsCell.xib in Resources */,
				DB3EBB1720629C0D00654E02 /* search.xib in Resources */,
				AE600F07205FEEC4005A3308 /* DENGRUViewController.xib in Resources */,
				DB71F1B72063AADF00001EB4 /* xianzhiViewController.xib in Resources */,
				DBD478C720653B5700A229F1 /* PersonDesignViewController.xib in Resources */,
				DB2BBE16206623B100491F34 /* SuccOderViewController.xib in Resources */,
				DB2BBE18206623B700491F34 /* SuccOrderTableViewCell.xib in Resources */,
				3FBA2F432057F562006F5416 /* LaunchScreen.storyboard in Resources */,
				DBD478C02064ECBD00A229F1 /* photography.xib in Resources */,
				3FBA2F3E2057F562006F5416 /* Main.storyboard in Resources */,
				AE600EFC205FD78C005A3308 /* ZUST.xib in Resources */,
				DBFB174B20ADC119005720A1 /* file.xib in Resources */,
				DB84D7D3208F611700796B4E /* ReservationOederViewController.xib in Resources */,
				DB3EBB1220629BA300654E02 /* searchViewTableViewController.xib in Resources */,
				3FBA2FA320580143006F5416 /* mainView.xib in Resources */,
				AE600F05205FEEC4005A3308 /* ZHUCEViewController.xib in Resources */,
				DB6D3E8A205EC3820070D9CF /* Design.xib in Resources */,
				DB6D3E80205E93320070D9CF /* leftNav.xib in Resources */,
				DBD478C92065454500A229F1 /* Assets.xcassets in Resources */,
			);
			runOnlyForDeploymentPostprocessing = 0;
		};
		3FBA2F492057F562006F5416 /* Resources */ = {
			isa = PBXResourcesBuildPhase;
			buildActionMask = 2147483647;
			files = (
			);
			runOnlyForDeploymentPostprocessing = 0;
		};
		3FBA2F542057F562006F5416 /* Resources */ = {
			isa = PBXResourcesBuildPhase;
			buildActionMask = 2147483647;
			files = (
			);
			runOnlyForDeploymentPostprocessing = 0;
		};
/* End PBXResourcesBuildPhase section */

/* Begin PBXShellScriptBuildPhase section */
		60A240756CF145DA122D9F6F /* [CP] Embed Pods Frameworks */ = {
			isa = PBXShellScriptBuildPhase;
			buildActionMask = 2147483647;
			files = (
			);
			inputPaths = (
			);
			name = "[CP] Embed Pods Frameworks";
			outputPaths = (
			);
			runOnlyForDeploymentPostprocessing = 0;
			shellPath = /bin/sh;
			shellScript = "\"${SRCROOT}/Pods/Target Support Files/Pods-Candy/Pods-Candy-frameworks.sh\"\n";
			showEnvVarsInLog = 0;
		};
		61E881A8B76CA47B259FBF17 /* [CP] Check Pods Manifest.lock */ = {
			isa = PBXShellScriptBuildPhase;
			buildActionMask = 2147483647;
			files = (
			);
			inputPaths = (
				"${PODS_PODFILE_DIR_PATH}/Podfile.lock",
				"${PODS_ROOT}/Manifest.lock",
			);
			name = "[CP] Check Pods Manifest.lock";
			outputPaths = (
				"$(DERIVED_FILE_DIR)/Pods-Candy-checkManifestLockResult.txt",
			);
			runOnlyForDeploymentPostprocessing = 0;
			shellPath = /bin/sh;
			shellScript = "diff \"${PODS_PODFILE_DIR_PATH}/Podfile.lock\" \"${PODS_ROOT}/Manifest.lock\" > /dev/null\nif [ $? != 0 ] ; then\n    # print error to STDERR\n    echo \"error: The sandbox is not in sync with the Podfile.lock. Run 'pod install' or update your CocoaPods installation.\" >&2\n    exit 1\nfi\n# This output is used by Xcode 'outputs' to avoid re-running this script phase.\necho \"SUCCESS\" > \"${SCRIPT_OUTPUT_FILE_0}\"\n";
			showEnvVarsInLog = 0;
		};
		CD0535607EF21F850902AB82 /* [CP] Copy Pods Resources */ = {
			isa = PBXShellScriptBuildPhase;
			buildActionMask = 2147483647;
			files = (
			);
			inputPaths = (
			);
			name = "[CP] Copy Pods Resources";
			outputPaths = (
			);
			runOnlyForDeploymentPostprocessing = 0;
			shellPath = /bin/sh;
			shellScript = "\"${SRCROOT}/Pods/Target Support Files/Pods-Candy/Pods-Candy-resources.sh\"\n";
			showEnvVarsInLog = 0;
		};
/* End PBXShellScriptBuildPhase section */

/* Begin PBXSourcesBuildPhase section */
		3FBA2F2F2057F562006F5416 /* Sources */ = {
			isa = PBXSourcesBuildPhase;
			buildActionMask = 2147483647;
			files = (
				DB28C3F520D8165100A74B1E /* News.m in Sources */,
				DB3EBB1120629BA300654E02 /* searchViewTableViewController.m in Sources */,
				DB28C3F720D8165100A74B1E /* NewsCell.m in Sources */,
				3FBA2F462057F562006F5416 /* main.m in Sources */,
				3FBA2FA220580143006F5416 /* mainView.m in Sources */,
				DB2BBE17206623B400491F34 /* SuccOrderTableViewCell.m in Sources */,
				DBD478BF2064ECBD00A229F1 /* photography.m in Sources */,
				DBD478C620653B1400A229F1 /* PersonDesignViewController.m in Sources */,
				DB6D3E89205EC3820070D9CF /* Design.m in Sources */,
				AE600F08205FEEC4005A3308 /* DENGRUViewController.m in Sources */,
				DBFB175F20ADD47F005720A1 /* PrintStore.m in Sources */,
				AEECF31C205BF94900C4E273 /* FIRST.m in Sources */,
				DB6D3E7F205E93320070D9CF /* leftNav.m in Sources */,
				DB3EBB1620629C0D00654E02 /* search.m in Sources */,
				DBFB174A20ADC119005720A1 /* file.m in Sources */,
				DBFB174C20ADC119005720A1 /* TableViewCell.m in Sources */,
				AE600EFB205FD78C005A3308 /* ZUST.m in Sources */,
				DB2BBE15206623AA00491F34 /* SuccOderViewController.m in Sources */,
				DB71F1C42063F8B000001EB4 /* sent.m in Sources */,
				DB71F1B62063AADF00001EB4 /* xianzhiViewController.m in Sources */,
				DB310C34205AAB3A001341BC /* YSHYSlideViewController.m in Sources */,
				DB84D7D2208F611700796B4E /* ReservationOederViewController.m in Sources */,
				AE600F06205FEEC4005A3308 /* ZHUCEViewController.m in Sources */,
				DBD478C42064ECCE00A229F1 /* photo.m in Sources */,
				3FBA2F382057F562006F5416 /* AppDelegate.m in Sources */,
			);
			runOnlyForDeploymentPostprocessing = 0;
		};
		3FBA2F472057F562006F5416 /* Sources */ = {
			isa = PBXSourcesBuildPhase;
			buildActionMask = 2147483647;
			files = (
				3FBA2F502057F562006F5416 /* CandyTests.m in Sources */,
			);
			runOnlyForDeploymentPostprocessing = 0;
		};
		3FBA2F522057F562006F5416 /* Sources */ = {
			isa = PBXSourcesBuildPhase;
			buildActionMask = 2147483647;
			files = (
				3FBA2F5B2057F562006F5416 /* CandyUITests.m in Sources */,
			);
			runOnlyForDeploymentPostprocessing = 0;
		};
/* End PBXSourcesBuildPhase section */

/* Begin PBXTargetDependency section */
		3FBA2F4D2057F562006F5416 /* PBXTargetDependency */ = {
			isa = PBXTargetDependency;
			target = 3FBA2F322057F562006F5416 /* Candy */;
			targetProxy = 3FBA2F4C2057F562006F5416 /* PBXContainerItemProxy */;
		};
		3FBA2F582057F562006F5416 /* PBXTargetDependency */ = {
			isa = PBXTargetDependency;
			target = 3FBA2F322057F562006F5416 /* Candy */;
			targetProxy = 3FBA2F572057F562006F5416 /* PBXContainerItemProxy */;
		};
/* End PBXTargetDependency section */

/* Begin PBXVariantGroup section */
		3FBA2F3C2057F562006F5416 /* Main.storyboard */ = {
			isa = PBXVariantGroup;
			children = (
				3FBA2F3D2057F562006F5416 /* Base */,
			);
			name = Main.storyboard;
			sourceTree = "<group>";
		};
		3FBA2F412057F562006F5416 /* LaunchScreen.storyboard */ = {
			isa = PBXVariantGroup;
			children = (
				3FBA2F422057F562006F5416 /* Base */,
			);
			name = LaunchScreen.storyboard;
			sourceTree = "<group>";
		};
/* End PBXVariantGroup section */

/* Begin XCBuildConfiguration section */
		3FBA2F5D2057F562006F5416 /* Debug */ = {
			isa = XCBuildConfiguration;
			buildSettings = {
				ALWAYS_SEARCH_USER_PATHS = NO;
				CLANG_ANALYZER_NONNULL = YES;
				CLANG_ANALYZER_NUMBER_OBJECT_CONVERSION = YES_AGGRESSIVE;
				CLANG_CXX_LANGUAGE_STANDARD = "gnu++14";
				CLANG_CXX_LIBRARY = "libc++";
				CLANG_ENABLE_MODULES = YES;
				CLANG_ENABLE_OBJC_ARC = YES;
				CLANG_WARN_BLOCK_CAPTURE_AUTORELEASING = YES;
				CLANG_WARN_BOOL_CONVERSION = YES;
				CLANG_WARN_COMMA = YES;
				CLANG_WARN_CONSTANT_CONVERSION = YES;
				CLANG_WARN_DIRECT_OBJC_ISA_USAGE = YES_ERROR;
				CLANG_WARN_DOCUMENTATION_COMMENTS = YES;
				CLANG_WARN_EMPTY_BODY = YES;
				CLANG_WARN_ENUM_CONVERSION = YES;
				CLANG_WARN_INFINITE_RECURSION = YES;
				CLANG_WARN_INT_CONVERSION = YES;
				CLANG_WARN_NON_LITERAL_NULL_CONVERSION = YES;
				CLANG_WARN_OBJC_LITERAL_CONVERSION = YES;
				CLANG_WARN_OBJC_ROOT_CLASS = YES_ERROR;
				CLANG_WARN_RANGE_LOOP_ANALYSIS = YES;
				CLANG_WARN_STRICT_PROTOTYPES = YES;
				CLANG_WARN_SUSPICIOUS_MOVE = YES;
				CLANG_WARN_UNGUARDED_AVAILABILITY = YES_AGGRESSIVE;
				CLANG_WARN_UNREACHABLE_CODE = YES;
				CLANG_WARN__DUPLICATE_METHOD_MATCH = YES;
				CODE_SIGN_IDENTITY = "iPhone Developer";
				COPY_PHASE_STRIP = NO;
				DEBUG_INFORMATION_FORMAT = dwarf;
				ENABLE_STRICT_OBJC_MSGSEND = YES;
				ENABLE_TESTABILITY = YES;
				GCC_C_LANGUAGE_STANDARD = gnu11;
				GCC_DYNAMIC_NO_PIC = NO;
				GCC_NO_COMMON_BLOCKS = YES;
				GCC_OPTIMIZATION_LEVEL = 0;
				GCC_PREPROCESSOR_DEFINITIONS = (
					"DEBUG=1",
					"$(inherited)",
				);
				GCC_WARN_64_TO_32_BIT_CONVERSION = YES;
				GCC_WARN_ABOUT_RETURN_TYPE = YES_ERROR;
				GCC_WARN_UNDECLARED_SELECTOR = YES;
				GCC_WARN_UNINITIALIZED_AUTOS = YES_AGGRESSIVE;
				GCC_WARN_UNUSED_FUNCTION = YES;
				GCC_WARN_UNUSED_VARIABLE = YES;
				IPHONEOS_DEPLOYMENT_TARGET = 11.1;
				MTL_ENABLE_DEBUG_INFO = YES;
				ONLY_ACTIVE_ARCH = YES;
				SDKROOT = iphoneos;
			};
			name = Debug;
		};
		3FBA2F5E2057F562006F5416 /* Release */ = {
			isa = XCBuildConfiguration;
			buildSettings = {
				ALWAYS_SEARCH_USER_PATHS = NO;
				CLANG_ANALYZER_NONNULL = YES;
				CLANG_ANALYZER_NUMBER_OBJECT_CONVERSION = YES_AGGRESSIVE;
				CLANG_CXX_LANGUAGE_STANDARD = "gnu++14";
				CLANG_CXX_LIBRARY = "libc++";
				CLANG_ENABLE_MODULES = YES;
				CLANG_ENABLE_OBJC_ARC = YES;
				CLANG_WARN_BLOCK_CAPTURE_AUTORELEASING = YES;
				CLANG_WARN_BOOL_CONVERSION = YES;
				CLANG_WARN_COMMA = YES;
				CLANG_WARN_CONSTANT_CONVERSION = YES;
				CLANG_WARN_DIRECT_OBJC_ISA_USAGE = YES_ERROR;
				CLANG_WARN_DOCUMENTATION_COMMENTS = YES;
				CLANG_WARN_EMPTY_BODY = YES;
				CLANG_WARN_ENUM_CONVERSION = YES;
				CLANG_WARN_INFINITE_RECURSION = YES;
				CLANG_WARN_INT_CONVERSION = YES;
				CLANG_WARN_NON_LITERAL_NULL_CONVERSION = YES;
				CLANG_WARN_OBJC_LITERAL_CONVERSION = YES;
				CLANG_WARN_OBJC_ROOT_CLASS = YES_ERROR;
				CLANG_WARN_RANGE_LOOP_ANALYSIS = YES;
				CLANG_WARN_STRICT_PROTOTYPES = YES;
				CLANG_WARN_SUSPICIOUS_MOVE = YES;
				CLANG_WARN_UNGUARDED_AVAILABILITY = YES_AGGRESSIVE;
				CLANG_WARN_UNREACHABLE_CODE = YES;
				CLANG_WARN__DUPLICATE_METHOD_MATCH = YES;
				CODE_SIGN_IDENTITY = "iPhone Developer";
				COPY_PHASE_STRIP = NO;
				DEBUG_INFORMATION_FORMAT = "dwarf-with-dsym";
				ENABLE_NS_ASSERTIONS = NO;
				ENABLE_STRICT_OBJC_MSGSEND = YES;
				GCC_C_LANGUAGE_STANDARD = gnu11;
				GCC_NO_COMMON_BLOCKS = YES;
				GCC_WARN_64_TO_32_BIT_CONVERSION = YES;
				GCC_WARN_ABOUT_RETURN_TYPE = YES_ERROR;
				GCC_WARN_UNDECLARED_SELECTOR = YES;
				GCC_WARN_UNINITIALIZED_AUTOS = YES_AGGRESSIVE;
				GCC_WARN_UNUSED_FUNCTION = YES;
				GCC_WARN_UNUSED_VARIABLE = YES;
				IPHONEOS_DEPLOYMENT_TARGET = 11.1;
				MTL_ENABLE_DEBUG_INFO = NO;
				SDKROOT = iphoneos;
				VALIDATE_PRODUCT = YES;
			};
			name = Release;
		};
		3FBA2F602057F562006F5416 /* Debug */ = {
			isa = XCBuildConfiguration;
			baseConfigurationReference = 19979EA6B76D25CF1E6171AE /* Pods-Candy.debug.xcconfig */;
			buildSettings = {
				ASSETCATALOG_COMPILER_APPICON_NAME = AppIcon;
				"CODE_SIGN_IDENTITY[sdk=iphoneos*]" = "iPhone Developer";
				CODE_SIGN_STYLE = Automatic;
				DEVELOPMENT_TEAM = K749P2K336;
				FRAMEWORK_SEARCH_PATHS = (
					"$(inherited)",
					"$(PROJECT_DIR)",
				);
				INFOPLIST_FILE = Candy/Info.plist;
				IPHONEOS_DEPLOYMENT_TARGET = 11.0;
				LD_RUNPATH_SEARCH_PATHS = "$(inherited) @executable_path/Frameworks";
				PRODUCT_BUNDLE_IDENTIFIER = haha.qq;
				PRODUCT_NAME = "$(TARGET_NAME)";
				PROVISIONING_PROFILE_SPECIFIER = "";
				TARGETED_DEVICE_FAMILY = "1,2";
			};
			name = Debug;
		};
		3FBA2F612057F562006F5416 /* Release */ = {
			isa = XCBuildConfiguration;
			baseConfigurationReference = 11B3E8EC6C056AD891ED5B90 /* Pods-Candy.release.xcconfig */;
			buildSettings = {
				ASSETCATALOG_COMPILER_APPICON_NAME = AppIcon;
				"CODE_SIGN_IDENTITY[sdk=iphoneos*]" = "iPhone Developer";
				CODE_SIGN_STYLE = Automatic;
				DEVELOPMENT_TEAM = K749P2K336;
				FRAMEWORK_SEARCH_PATHS = (
					"$(inherited)",
					"$(PROJECT_DIR)",
				);
				INFOPLIST_FILE = Candy/Info.plist;
				IPHONEOS_DEPLOYMENT_TARGET = 11.0;
				LD_RUNPATH_SEARCH_PATHS = "$(inherited) @executable_path/Frameworks";
				PRODUCT_BUNDLE_IDENTIFIER = haha.qq;
				PRODUCT_NAME = "$(TARGET_NAME)";
				PROVISIONING_PROFILE_SPECIFIER = "";
				TARGETED_DEVICE_FAMILY = "1,2";
			};
			name = Release;
		};
		3FBA2F632057F562006F5416 /* Debug */ = {
			isa = XCBuildConfiguration;
			buildSettings = {
				BUNDLE_LOADER = "$(TEST_HOST)";
				CODE_SIGN_STYLE = Automatic;
				DEVELOPMENT_TEAM = L6VFU8D2UA;
				INFOPLIST_FILE = CandyTests/Info.plist;
				LD_RUNPATH_SEARCH_PATHS = "$(inherited) @executable_path/Frameworks @loader_path/Frameworks";
				PRODUCT_BUNDLE_IDENTIFIER = com.CandyTests;
				PRODUCT_NAME = "$(TARGET_NAME)";
				TARGETED_DEVICE_FAMILY = "1,2";
				TEST_HOST = "$(BUILT_PRODUCTS_DIR)/Candy.app/Candy";
			};
			name = Debug;
		};
		3FBA2F642057F562006F5416 /* Release */ = {
			isa = XCBuildConfiguration;
			buildSettings = {
				BUNDLE_LOADER = "$(TEST_HOST)";
				CODE_SIGN_STYLE = Automatic;
				DEVELOPMENT_TEAM = L6VFU8D2UA;
				INFOPLIST_FILE = CandyTests/Info.plist;
				LD_RUNPATH_SEARCH_PATHS = "$(inherited) @executable_path/Frameworks @loader_path/Frameworks";
				PRODUCT_BUNDLE_IDENTIFIER = com.CandyTests;
				PRODUCT_NAME = "$(TARGET_NAME)";
				TARGETED_DEVICE_FAMILY = "1,2";
				TEST_HOST = "$(BUILT_PRODUCTS_DIR)/Candy.app/Candy";
			};
			name = Release;
		};
		3FBA2F662057F562006F5416 /* Debug */ = {
			isa = XCBuildConfiguration;
			buildSettings = {
				CODE_SIGN_STYLE = Automatic;
				INFOPLIST_FILE = CandyUITests/Info.plist;
				IPHONEOS_DEPLOYMENT_TARGET = 11.0;
				LD_RUNPATH_SEARCH_PATHS = "$(inherited) @executable_path/Frameworks @loader_path/Frameworks";
				PRODUCT_BUNDLE_IDENTIFIER = com.CandyUITests;
				PRODUCT_NAME = "$(TARGET_NAME)";
				TARGETED_DEVICE_FAMILY = "1,2";
				TEST_TARGET_NAME = Candy;
			};
			name = Debug;
		};
		3FBA2F672057F562006F5416 /* Release */ = {
			isa = XCBuildConfiguration;
			buildSettings = {
				CODE_SIGN_STYLE = Automatic;
				INFOPLIST_FILE = CandyUITests/Info.plist;
				IPHONEOS_DEPLOYMENT_TARGET = 11.0;
				LD_RUNPATH_SEARCH_PATHS = "$(inherited) @executable_path/Frameworks @loader_path/Frameworks";
				PRODUCT_BUNDLE_IDENTIFIER = com.CandyUITests;
				PRODUCT_NAME = "$(TARGET_NAME)";
				TARGETED_DEVICE_FAMILY = "1,2";
				TEST_TARGET_NAME = Candy;
			};
			name = Release;
		};
/* End XCBuildConfiguration section */

/* Begin XCConfigurationList section */
		3FBA2F2E2057F562006F5416 /* Build configuration list for PBXProject "Candy" */ = {
			isa = XCConfigurationList;
			buildConfigurations = (
				3FBA2F5D2057F562006F5416 /* Debug */,
				3FBA2F5E2057F562006F5416 /* Release */,
			);
			defaultConfigurationIsVisible = 0;
			defaultConfigurationName = Release;
		};
		3FBA2F5F2057F562006F5416 /* Build configuration list for PBXNativeTarget "Candy" */ = {
			isa = XCConfigurationList;
			buildConfigurations = (
				3FBA2F602057F562006F5416 /* Debug */,
				3FBA2F612057F562006F5416 /* Release */,
			);
			defaultConfigurationIsVisible = 0;
			defaultConfigurationName = Release;
		};
		3FBA2F622057F562006F5416 /* Build configuration list for PBXNativeTarget "CandyTests" */ = {
			isa = XCConfigurationList;
			buildConfigurations = (
				3FBA2F632057F562006F5416 /* Debug */,
				3FBA2F642057F562006F5416 /* Release */,
			);
			defaultConfigurationIsVisible = 0;
			defaultConfigurationName = Release;
		};
		3FBA2F652057F562006F5416 /* Build configuration list for PBXNativeTarget "CandyUITests" */ = {
			isa = XCConfigurationList;
			buildConfigurations = (
				3FBA2F662057F562006F5416 /* Debug */,
				3FBA2F672057F562006F5416 /* Release */,
			);
			defaultConfigurationIsVisible = 0;
			defaultConfigurationName = Release;
		};
/* End XCConfigurationList section */
	};
	rootObject = 3FBA2F2B2057F562006F5416 /* Project object */;
}
